{
  "version": 4,
  "terraform_version": "1.5.3",
  "serial": 51,
  "lineage": "5144bb0d-affc-da08-d5a3-a39d2b7cd407",
  "outputs": {},
  "resources": [
    {
      "module": "module.compute_module",
      "mode": "data",
      "type": "aws_ami",
      "name": "amazon_linux",
      "provider": "provider[\"registry.terraform.io/hashicorp/aws\"]",
      "instances": [
        {
          "schema_version": 0,
          "attributes": {
            "architecture": "x86_64",
            "arn": "arn:aws:ec2:ap-southeast-1::image/ami-0d3b9d7c643a2e20b",
            "block_device_mappings": [
              {
                "device_name": "/dev/sda1",
                "ebs": {
                  "delete_on_termination": "true",
                  "encrypted": "false",
                  "iops": "0",
                  "snapshot_id": "snap-0ac01ab79950af236",
                  "throughput": "0",
                  "volume_size": "8",
                  "volume_type": "gp2"
                },
                "no_device": "",
                "virtual_name": ""
              },
              {
                "device_name": "/dev/sdb",
                "ebs": {},
                "no_device": "",
                "virtual_name": "ephemeral0"
              },
              {
                "device_name": "/dev/sdc",
                "ebs": {},
                "no_device": "",
                "virtual_name": "ephemeral1"
              }
            ],
            "boot_mode": "legacy-bios",
            "creation_date": "2023-07-26T03:18:43.000Z",
            "deprecation_time": "2025-07-26T03:18:43.000Z",
            "description": "Canonical, Ubuntu, 20.04 LTS, amd64 focal image build on 2023-07-25",
            "ena_support": true,
            "executable_users": null,
            "filter": [
              {
                "name": "name",
                "values": [
                  "ubuntu/images/hvm-ssd/ubuntu-focal-20.04-amd64-server-*"
                ]
              }
            ],
            "hypervisor": "xen",
            "id": "ami-0d3b9d7c643a2e20b",
            "image_id": "ami-0d3b9d7c643a2e20b",
            "image_location": "amazon/ubuntu/images/hvm-ssd/ubuntu-focal-20.04-amd64-server-20230725",
            "image_owner_alias": "amazon",
            "image_type": "machine",
            "imds_support": "",
            "include_deprecated": false,
            "kernel_id": "",
            "most_recent": true,
            "name": "ubuntu/images/hvm-ssd/ubuntu-focal-20.04-amd64-server-20230725",
            "name_regex": null,
            "owner_id": "099720109477",
            "owners": [
              "amazon"
            ],
            "platform": "",
            "platform_details": "Linux/UNIX",
            "product_codes": [],
            "public": true,
            "ramdisk_id": "",
            "root_device_name": "/dev/sda1",
            "root_device_type": "ebs",
            "root_snapshot_id": "snap-0ac01ab79950af236",
            "sriov_net_support": "simple",
            "state": "available",
            "state_reason": {
              "code": "UNSET",
              "message": "UNSET"
            },
            "tags": {},
            "timeouts": null,
            "tpm_support": "",
            "usage_operation": "RunInstances",
            "virtualization_type": "hvm"
          },
          "sensitive_attributes": []
        }
      ]
    },
    {
      "module": "module.compute_module",
      "mode": "managed",
      "type": "aws_instance",
      "name": "logs_api_instance",
      "provider": "provider[\"registry.terraform.io/hashicorp/aws\"]",
      "instances": [
        {
          "schema_version": 1,
          "attributes": {
            "ami": "ami-0d3b9d7c643a2e20b",
            "arn": "arn:aws:ec2:ap-southeast-1:036827819449:instance/i-0f1cdf93e96134386",
            "associate_public_ip_address": true,
            "availability_zone": "ap-southeast-1a",
            "capacity_reservation_specification": [
              {
                "capacity_reservation_preference": "open",
                "capacity_reservation_target": []
              }
            ],
            "cpu_core_count": 1,
            "cpu_options": [
              {
                "amd_sev_snp": "",
                "core_count": 1,
                "threads_per_core": 1
              }
            ],
            "cpu_threads_per_core": 1,
            "credit_specification": [
              {
                "cpu_credits": "standard"
              }
            ],
            "disable_api_stop": false,
            "disable_api_termination": false,
            "ebs_block_device": [],
            "ebs_optimized": false,
            "enclave_options": [
              {
                "enabled": false
              }
            ],
            "ephemeral_block_device": [],
            "get_password_data": false,
            "hibernation": false,
            "host_id": "",
            "host_resource_group_arn": null,
            "iam_instance_profile": "custlogsprofile",
            "id": "i-0f1cdf93e96134386",
            "instance_initiated_shutdown_behavior": "stop",
            "instance_lifecycle": "",
            "instance_market_options": [],
            "instance_state": "running",
            "instance_type": "t2.micro",
            "ipv6_address_count": 0,
            "ipv6_addresses": [],
            "key_name": "logsec2_ssh_key",
            "launch_template": [],
            "maintenance_options": [
              {
                "auto_recovery": "default"
              }
            ],
            "metadata_options": [
              {
                "http_endpoint": "enabled",
                "http_put_response_hop_limit": 1,
                "http_tokens": "optional",
                "instance_metadata_tags": "disabled"
              }
            ],
            "monitoring": false,
            "network_interface": [
              {
                "delete_on_termination": false,
                "device_index": 0,
                "network_card_index": 0,
                "network_interface_id": "eni-0547f05397095fc96"
              }
            ],
            "outpost_arn": "",
            "password_data": "",
            "placement_group": "",
            "placement_partition_number": 0,
            "primary_network_interface_id": "eni-0547f05397095fc96",
            "private_dns": "ip-10-1-1-36.ap-southeast-1.compute.internal",
            "private_dns_name_options": [
              {
                "enable_resource_name_dns_a_record": false,
                "enable_resource_name_dns_aaaa_record": false,
                "hostname_type": "ip-name"
              }
            ],
            "private_ip": "10.1.1.36",
            "public_dns": "ec2-54-151-128-203.ap-southeast-1.compute.amazonaws.com",
            "public_ip": "54.151.128.203",
            "root_block_device": [
              {
                "delete_on_termination": true,
                "device_name": "/dev/sda1",
                "encrypted": false,
                "iops": 100,
                "kms_key_id": "",
                "tags": {},
                "throughput": 0,
                "volume_id": "vol-05b54bfc3d6586acd",
                "volume_size": 8,
                "volume_type": "gp2"
              }
            ],
            "secondary_private_ips": [],
            "security_groups": [],
            "source_dest_check": true,
            "spot_instance_request_id": "",
            "subnet_id": "subnet-01d8676b37f75bfe6",
            "tags": {
              "Name": "logs_api_instance"
            },
            "tags_all": {
              "Name": "logs_api_instance"
            },
            "tenancy": "default",
            "timeouts": null,
            "user_data": null,
            "user_data_base64": null,
            "user_data_replace_on_change": false,
            "volume_tags": null,
            "vpc_security_group_ids": [
              "sg-04976a8deb098a603"
            ]
          },
          "sensitive_attributes": [],
          "private": "eyJlMmJmYjczMC1lY2FhLTExZTYtOGY4OC0zNDM2M2JjN2M0YzAiOnsiY3JlYXRlIjo2MDAwMDAwMDAwMDAsImRlbGV0ZSI6MTIwMDAwMDAwMDAwMCwidXBkYXRlIjo2MDAwMDAwMDAwMDB9LCJzY2hlbWFfdmVyc2lvbiI6IjEifQ==",
          "dependencies": [
            "module.compute_module.aws_key_pair.logsec2_ssh_key",
            "module.compute_module.aws_network_interface.logsec2_instance_eni_1",
            "module.compute_module.data.aws_ami.amazon_linux",
            "module.security_module.aws_iam_instance_profile.custlogsprofile"
          ]
        }
      ]
    },
    {
      "module": "module.compute_module",
      "mode": "managed",
      "type": "aws_key_pair",
      "name": "logsec2_ssh_key",
      "provider": "provider[\"registry.terraform.io/hashicorp/aws\"]",
      "instances": [
        {
          "schema_version": 1,
          "attributes": {
            "arn": "arn:aws:ec2:ap-southeast-1:036827819449:key-pair/logsec2_ssh_key",
            "fingerprint": "d4:68:ed:12:34:91:6f:4a:66:8d:9a:0e:71:66:f7:cf",
            "id": "logsec2_ssh_key",
            "key_name": "logsec2_ssh_key",
            "key_name_prefix": "",
            "key_pair_id": "key-0d191c88f976e2f19",
            "key_type": "rsa",
            "public_key": "---- BEGIN SSH2 PUBLIC KEY ----\r\nComment: \"imported-openssh-key\"\r\nAAAAB3NzaC1yc2EAAAADAQABAAABAQC4hJ7Oz03JPISb+901X4GpDonl0zqbhlIu\r\ntFgsaS+aOhNoD/KxL9oy3wNZ5WUkDuJAeNsmMQXASsPGPSZFXbh/YRy2Va1urA5O\r\n5Z7825+3ZiWgtcNT7J7NjBCR/HTBgtKYQTRMvz0iKYqlZxcLnUhEKP3bm7j5UoWo\r\nLq36NCPJKtEVFDFfd/PrER9r/SWc1QkhUEqulmmZXDwl4qnqNJWyQWV1ldAfMRTX\r\nrnGfCcRTBSRvgpcCfkrRHcCC5azKULyFPoJmYERE+37KBGMDdw/27yYVR/pzaYLn\r\nBgRd/NNB2AAz73t4ic9w7Lvanpn5NU15Ld+6uShkG1MCTTbiBAD/\r\n---- END SSH2 PUBLIC KEY ----",
            "tags": {},
            "tags_all": {}
          },
          "sensitive_attributes": [],
          "private": "eyJzY2hlbWFfdmVyc2lvbiI6IjEifQ=="
        }
      ]
    },
    {
      "module": "module.compute_module",
      "mode": "managed",
      "type": "aws_network_interface",
      "name": "logsec2_instance_eni",
      "provider": "provider[\"registry.terraform.io/hashicorp/aws\"]",
      "instances": [
        {
          "schema_version": 0,
          "attributes": {
            "arn": "arn:aws:ec2:ap-southeast-1:036827819449:network-interface/eni-0ef2e67f024ef1e48",
            "attachment": [],
            "description": "",
            "id": "eni-0ef2e67f024ef1e48",
            "interface_type": "interface",
            "ipv4_prefix_count": 0,
            "ipv4_prefixes": [],
            "ipv6_address_count": 0,
            "ipv6_address_list": [],
            "ipv6_address_list_enabled": false,
            "ipv6_addresses": [],
            "ipv6_prefix_count": 0,
            "ipv6_prefixes": [],
            "mac_address": "06:6f:ad:99:43:26",
            "outpost_arn": "",
            "owner_id": "036827819449",
            "private_dns_name": "ip-10-1-1-238.ap-southeast-1.compute.internal",
            "private_ip": "10.1.1.238",
            "private_ip_list": [
              "10.1.1.238"
            ],
            "private_ip_list_enabled": false,
            "private_ips": [
              "10.1.1.238"
            ],
            "private_ips_count": 0,
            "security_groups": [
              "sg-04976a8deb098a603"
            ],
            "source_dest_check": true,
            "subnet_id": "subnet-01d8676b37f75bfe6",
            "tags": {},
            "tags_all": {}
          },
          "sensitive_attributes": [],
          "private": "bnVsbA==",
          "dependencies": [
            "module.networking_module.aws_security_group.logs_sg",
            "module.networking_module.aws_subnet.logs_subnet",
            "module.networking_module.aws_vpc.logspvpc"
          ]
        }
      ]
    },
    {
      "module": "module.compute_module",
      "mode": "managed",
      "type": "aws_network_interface",
      "name": "logsec2_instance_eni_1",
      "provider": "provider[\"registry.terraform.io/hashicorp/aws\"]",
      "instances": [
        {
          "schema_version": 0,
          "attributes": {
            "arn": "arn:aws:ec2:ap-southeast-1:036827819449:network-interface/eni-0547f05397095fc96",
            "attachment": [],
            "description": "",
            "id": "eni-0547f05397095fc96",
            "interface_type": "interface",
            "ipv4_prefix_count": 0,
            "ipv4_prefixes": [],
            "ipv6_address_count": 0,
            "ipv6_address_list": [],
            "ipv6_address_list_enabled": false,
            "ipv6_addresses": [],
            "ipv6_prefix_count": 0,
            "ipv6_prefixes": [],
            "mac_address": "06:47:2b:89:71:30",
            "outpost_arn": "",
            "owner_id": "036827819449",
            "private_dns_name": "ip-10-1-1-36.ap-southeast-1.compute.internal",
            "private_ip": "10.1.1.36",
            "private_ip_list": [
              "10.1.1.36"
            ],
            "private_ip_list_enabled": false,
            "private_ips": [
              "10.1.1.36"
            ],
            "private_ips_count": 0,
            "security_groups": [
              "sg-04976a8deb098a603"
            ],
            "source_dest_check": true,
            "subnet_id": "subnet-01d8676b37f75bfe6",
            "tags": {},
            "tags_all": {}
          },
          "sensitive_attributes": [],
          "private": "bnVsbA==",
          "dependencies": [
            "module.networking_module.aws_security_group.logs_sg",
            "module.networking_module.aws_subnet.logs_subnet",
            "module.networking_module.aws_vpc.logspvpc"
          ]
        }
      ]
    },
    {
      "module": "module.compute_module",
      "mode": "managed",
      "type": "aws_s3_bucket",
      "name": "logsapicodebucket",
      "provider": "provider[\"registry.terraform.io/hashicorp/aws\"]",
      "instances": [
        {
          "schema_version": 0,
          "attributes": {
            "acceleration_status": "",
            "acl": "private",
            "arn": "arn:aws:s3:::terraform-20230801105856083700000001",
            "bucket": "terraform-20230801105856083700000001",
            "bucket_domain_name": "terraform-20230801105856083700000001.s3.amazonaws.com",
            "bucket_prefix": "terraform-",
            "bucket_regional_domain_name": "terraform-20230801105856083700000001.s3.ap-southeast-1.amazonaws.com",
            "cors_rule": [],
            "force_destroy": false,
            "grant": [
              {
                "id": "83782b03da5f943ac401b130235720baa3a1c9127dcb198a4900d9158aaeabcc",
                "permissions": [
                  "FULL_CONTROL"
                ],
                "type": "CanonicalUser",
                "uri": ""
              }
            ],
            "hosted_zone_id": "Z3O0J2DXBE1FTB",
            "id": "terraform-20230801105856083700000001",
            "lifecycle_rule": [],
            "logging": [],
            "object_lock_configuration": [],
            "object_lock_enabled": false,
            "policy": "",
            "region": "ap-southeast-1",
            "replication_configuration": [],
            "request_payer": "BucketOwner",
            "server_side_encryption_configuration": [
              {
                "rule": [
                  {
                    "apply_server_side_encryption_by_default": [
                      {
                        "kms_master_key_id": "",
                        "sse_algorithm": "AES256"
                      }
                    ],
                    "bucket_key_enabled": false
                  }
                ]
              }
            ],
            "tags": {
              "Name": "bucketname"
            },
            "tags_all": {
              "Name": "bucketname"
            },
            "timeouts": null,
            "versioning": [
              {
                "enabled": false,
                "mfa_delete": false
              }
            ],
            "website": [],
            "website_domain": null,
            "website_endpoint": null
          },
          "sensitive_attributes": [],
          "private": "eyJlMmJmYjczMC1lY2FhLTExZTYtOGY4OC0zNDM2M2JjN2M0YzAiOnsiY3JlYXRlIjoxMjAwMDAwMDAwMDAwLCJkZWxldGUiOjM2MDAwMDAwMDAwMDAsInJlYWQiOjEyMDAwMDAwMDAwMDAsInVwZGF0ZSI6MTIwMDAwMDAwMDAwMH19"
        }
      ]
    },
    {
      "module": "module.networking_module",
      "mode": "managed",
      "type": "aws_internet_gateway",
      "name": "logs_gw",
      "provider": "provider[\"registry.terraform.io/hashicorp/aws\"]",
      "instances": [
        {
          "schema_version": 0,
          "attributes": {
            "arn": "arn:aws:ec2:ap-southeast-1:036827819449:internet-gateway/igw-0af3d33d63f21c646",
            "id": "igw-0af3d33d63f21c646",
            "owner_id": "036827819449",
            "tags": {
              "Name": "logs_gw"
            },
            "tags_all": {
              "Name": "logs_gw"
            },
            "timeouts": null,
            "vpc_id": "vpc-0f17337793d128685"
          },
          "sensitive_attributes": [],
          "private": "eyJlMmJmYjczMC1lY2FhLTExZTYtOGY4OC0zNDM2M2JjN2M0YzAiOnsiY3JlYXRlIjoxMjAwMDAwMDAwMDAwLCJkZWxldGUiOjEyMDAwMDAwMDAwMDAsInVwZGF0ZSI6MTIwMDAwMDAwMDAwMH19",
          "dependencies": [
            "module.networking_module.aws_vpc.logspvpc"
          ]
        }
      ]
    },
    {
      "module": "module.networking_module",
      "mode": "managed",
      "type": "aws_route_table",
      "name": "logs_rt",
      "provider": "provider[\"registry.terraform.io/hashicorp/aws\"]",
      "instances": [
        {
          "schema_version": 0,
          "attributes": {
            "arn": "arn:aws:ec2:ap-southeast-1:036827819449:route-table/rtb-0f1a7a438d72fc7b6",
            "id": "rtb-0f1a7a438d72fc7b6",
            "owner_id": "036827819449",
            "propagating_vgws": [],
            "route": [
              {
                "carrier_gateway_id": "",
                "cidr_block": "0.0.0.0/0",
                "core_network_arn": "",
                "destination_prefix_list_id": "",
                "egress_only_gateway_id": "",
                "gateway_id": "igw-0af3d33d63f21c646",
                "ipv6_cidr_block": "",
                "local_gateway_id": "",
                "nat_gateway_id": "",
                "network_interface_id": "",
                "transit_gateway_id": "",
                "vpc_endpoint_id": "",
                "vpc_peering_connection_id": ""
              }
            ],
            "tags": {
              "Name": "logs_rt"
            },
            "tags_all": {
              "Name": "logs_rt"
            },
            "timeouts": null,
            "vpc_id": "vpc-0f17337793d128685"
          },
          "sensitive_attributes": [],
          "private": "eyJlMmJmYjczMC1lY2FhLTExZTYtOGY4OC0zNDM2M2JjN2M0YzAiOnsiY3JlYXRlIjozMDAwMDAwMDAwMDAsImRlbGV0ZSI6MzAwMDAwMDAwMDAwLCJ1cGRhdGUiOjEyMDAwMDAwMDAwMH19",
          "dependencies": [
            "module.networking_module.aws_internet_gateway.logs_gw",
            "module.networking_module.aws_vpc.logspvpc"
          ]
        }
      ]
    },
    {
      "module": "module.networking_module",
      "mode": "managed",
      "type": "aws_route_table_association",
      "name": "logs_subnet_assoc",
      "provider": "provider[\"registry.terraform.io/hashicorp/aws\"]",
      "instances": [
        {
          "schema_version": 0,
          "attributes": {
            "gateway_id": "",
            "id": "rtbassoc-060b35dcbeddad5f8",
            "route_table_id": "rtb-0f1a7a438d72fc7b6",
            "subnet_id": "subnet-01d8676b37f75bfe6",
            "timeouts": null
          },
          "sensitive_attributes": [],
          "private": "eyJlMmJmYjczMC1lY2FhLTExZTYtOGY4OC0zNDM2M2JjN2M0YzAiOnsiY3JlYXRlIjozMDAwMDAwMDAwMDAsImRlbGV0ZSI6MzAwMDAwMDAwMDAwLCJ1cGRhdGUiOjEyMDAwMDAwMDAwMH19",
          "dependencies": [
            "module.networking_module.aws_internet_gateway.logs_gw",
            "module.networking_module.aws_route_table.logs_rt",
            "module.networking_module.aws_subnet.logs_subnet",
            "module.networking_module.aws_vpc.logspvpc"
          ]
        }
      ]
    },
    {
      "module": "module.networking_module",
      "mode": "managed",
      "type": "aws_security_group",
      "name": "logs_sg",
      "provider": "provider[\"registry.terraform.io/hashicorp/aws\"]",
      "instances": [
        {
          "schema_version": 1,
          "attributes": {
            "arn": "arn:aws:ec2:ap-southeast-1:036827819449:security-group/sg-04976a8deb098a603",
            "description": "sg for logs",
            "egress": [
              {
                "cidr_blocks": [
                  "0.0.0.0/0"
                ],
                "description": "",
                "from_port": 0,
                "ipv6_cidr_blocks": [
                  "::/0"
                ],
                "prefix_list_ids": [],
                "protocol": "-1",
                "security_groups": [],
                "self": false,
                "to_port": 0
              }
            ],
            "id": "sg-04976a8deb098a603",
            "ingress": [
              {
                "cidr_blocks": [
                  "0.0.0.0/0"
                ],
                "description": "",
                "from_port": 22,
                "ipv6_cidr_blocks": [],
                "prefix_list_ids": [],
                "protocol": "tcp",
                "security_groups": [],
                "self": false,
                "to_port": 22
              },
              {
                "cidr_blocks": [
                  "0.0.0.0/0"
                ],
                "description": "",
                "from_port": 3000,
                "ipv6_cidr_blocks": [],
                "prefix_list_ids": [],
                "protocol": "tcp",
                "security_groups": [],
                "self": false,
                "to_port": 3000
              },
              {
                "cidr_blocks": [
                  "0.0.0.0/0"
                ],
                "description": "",
                "from_port": 443,
                "ipv6_cidr_blocks": [],
                "prefix_list_ids": [],
                "protocol": "tcp",
                "security_groups": [],
                "self": false,
                "to_port": 443
              },
              {
                "cidr_blocks": [
                  "0.0.0.0/0"
                ],
                "description": "",
                "from_port": 5000,
                "ipv6_cidr_blocks": [],
                "prefix_list_ids": [],
                "protocol": "tcp",
                "security_groups": [],
                "self": false,
                "to_port": 5000
              },
              {
                "cidr_blocks": [
                  "0.0.0.0/0"
                ],
                "description": "",
                "from_port": 5010,
                "ipv6_cidr_blocks": [],
                "prefix_list_ids": [],
                "protocol": "tcp",
                "security_groups": [],
                "self": false,
                "to_port": 5010
              },
              {
                "cidr_blocks": [
                  "0.0.0.0/0"
                ],
                "description": "",
                "from_port": 8080,
                "ipv6_cidr_blocks": [],
                "prefix_list_ids": [],
                "protocol": "tcp",
                "security_groups": [],
                "self": false,
                "to_port": 8080
              },
              {
                "cidr_blocks": [
                  "0.0.0.0/0"
                ],
                "description": "",
                "from_port": 80,
                "ipv6_cidr_blocks": [],
                "prefix_list_ids": [],
                "protocol": "tcp",
                "security_groups": [],
                "self": false,
                "to_port": 80
              }
            ],
            "name": "logs_sg",
            "name_prefix": "",
            "owner_id": "036827819449",
            "revoke_rules_on_delete": false,
            "tags": {
              "Name": "logs_sg"
            },
            "tags_all": {
              "Name": "logs_sg"
            },
            "timeouts": null,
            "vpc_id": "vpc-0f17337793d128685"
          },
          "sensitive_attributes": [],
          "private": "eyJlMmJmYjczMC1lY2FhLTExZTYtOGY4OC0zNDM2M2JjN2M0YzAiOnsiY3JlYXRlIjo2MDAwMDAwMDAwMDAsImRlbGV0ZSI6OTAwMDAwMDAwMDAwfSwic2NoZW1hX3ZlcnNpb24iOiIxIn0=",
          "dependencies": [
            "module.networking_module.aws_vpc.logspvpc"
          ]
        }
      ]
    },
    {
      "module": "module.networking_module",
      "mode": "managed",
      "type": "aws_subnet",
      "name": "logs_subnet",
      "provider": "provider[\"registry.terraform.io/hashicorp/aws\"]",
      "instances": [
        {
          "schema_version": 1,
          "attributes": {
            "arn": "arn:aws:ec2:ap-southeast-1:036827819449:subnet/subnet-01d8676b37f75bfe6",
            "assign_ipv6_address_on_creation": false,
            "availability_zone": "ap-southeast-1a",
            "availability_zone_id": "apse1-az2",
            "cidr_block": "10.1.1.0/24",
            "customer_owned_ipv4_pool": "",
            "enable_dns64": false,
            "enable_lni_at_device_index": 0,
            "enable_resource_name_dns_a_record_on_launch": false,
            "enable_resource_name_dns_aaaa_record_on_launch": false,
            "id": "subnet-01d8676b37f75bfe6",
            "ipv6_cidr_block": "",
            "ipv6_cidr_block_association_id": "",
            "ipv6_native": false,
            "map_customer_owned_ip_on_launch": false,
            "map_public_ip_on_launch": true,
            "outpost_arn": "",
            "owner_id": "036827819449",
            "private_dns_hostname_type_on_launch": "ip-name",
            "tags": {
              "Name": "logs_subnet"
            },
            "tags_all": {
              "Name": "logs_subnet"
            },
            "timeouts": null,
            "vpc_id": "vpc-0f17337793d128685"
          },
          "sensitive_attributes": [],
          "private": "eyJlMmJmYjczMC1lY2FhLTExZTYtOGY4OC0zNDM2M2JjN2M0YzAiOnsiY3JlYXRlIjo2MDAwMDAwMDAwMDAsImRlbGV0ZSI6MTIwMDAwMDAwMDAwMH0sInNjaGVtYV92ZXJzaW9uIjoiMSJ9",
          "dependencies": [
            "module.networking_module.aws_vpc.logspvpc"
          ]
        }
      ]
    },
    {
      "module": "module.networking_module",
      "mode": "managed",
      "type": "aws_vpc",
      "name": "logspvpc",
      "provider": "provider[\"registry.terraform.io/hashicorp/aws\"]",
      "instances": [
        {
          "schema_version": 1,
          "attributes": {
            "arn": "arn:aws:ec2:ap-southeast-1:036827819449:vpc/vpc-0f17337793d128685",
            "assign_generated_ipv6_cidr_block": false,
            "cidr_block": "10.1.0.0/16",
            "default_network_acl_id": "acl-0ef211a31ceacd11c",
            "default_route_table_id": "rtb-08eae4268dfdb4945",
            "default_security_group_id": "sg-035b2baf56ca1c0d4",
            "dhcp_options_id": "dopt-0de3d5c9884a6d1f1",
            "enable_dns_hostnames": true,
            "enable_dns_support": true,
            "enable_network_address_usage_metrics": false,
            "id": "vpc-0f17337793d128685",
            "instance_tenancy": "default",
            "ipv4_ipam_pool_id": null,
            "ipv4_netmask_length": null,
            "ipv6_association_id": "",
            "ipv6_cidr_block": "",
            "ipv6_cidr_block_network_border_group": "",
            "ipv6_ipam_pool_id": "",
            "ipv6_netmask_length": 0,
            "main_route_table_id": "rtb-08eae4268dfdb4945",
            "owner_id": "036827819449",
            "tags": {
              "Name": "logspvpc"
            },
            "tags_all": {
              "Name": "logspvpc"
            }
          },
          "sensitive_attributes": [],
          "private": "eyJzY2hlbWFfdmVyc2lvbiI6IjEifQ=="
        }
      ]
    },
    {
      "module": "module.opensearch_module",
      "mode": "data",
      "type": "aws_caller_identity",
      "name": "current",
      "provider": "provider[\"registry.terraform.io/hashicorp/aws\"]",
      "instances": [
        {
          "schema_version": 0,
          "attributes": {
            "account_id": "036827819449",
            "arn": "arn:aws:iam::036827819449:user/xuanthoai",
            "id": "036827819449",
            "user_id": "AIDAQREY35W4USFLS2M5W"
          },
          "sensitive_attributes": []
        }
      ]
    },
    {
      "module": "module.opensearch_module",
      "mode": "data",
      "type": "aws_iam_policy_document",
      "name": "logs_opensearch_policy",
      "provider": "provider[\"registry.terraform.io/hashicorp/aws\"]",
      "instances": [
        {
          "schema_version": 0,
          "attributes": {
            "id": "1142741655",
            "json": "{\n  \"Version\": \"2012-10-17\",\n  \"Statement\": [\n    {\n      \"Effect\": \"Allow\",\n      \"Action\": \"es:*\",\n      \"Resource\": \"arn:aws:es:ap-southeast-1:036827819449:domain/logs-opensearch/*\",\n      \"Principal\": \"*\"\n    }\n  ]\n}",
            "override_policy_documents": null,
            "policy_id": null,
            "source_policy_documents": null,
            "statement": [
              {
                "actions": [
                  "es:*"
                ],
                "condition": [],
                "effect": "Allow",
                "not_actions": [],
                "not_principals": [],
                "not_resources": [],
                "principals": [
                  {
                    "identifiers": [
                      "*"
                    ],
                    "type": "*"
                  }
                ],
                "resources": [
                  "arn:aws:es:ap-southeast-1:036827819449:domain/logs-opensearch/*"
                ],
                "sid": ""
              }
            ],
            "version": "2012-10-17"
          },
          "sensitive_attributes": []
        }
      ]
    },
    {
      "module": "module.opensearch_module",
      "mode": "data",
      "type": "aws_region",
      "name": "current",
      "provider": "provider[\"registry.terraform.io/hashicorp/aws\"]",
      "instances": [
        {
          "schema_version": 0,
          "attributes": {
            "description": "Asia Pacific (Singapore)",
            "endpoint": "ec2.ap-southeast-1.amazonaws.com",
            "id": "ap-southeast-1",
            "name": "ap-southeast-1"
          },
          "sensitive_attributes": []
        }
      ]
    },
    {
      "module": "module.opensearch_module",
      "mode": "managed",
      "type": "aws_opensearch_domain",
      "name": "logs_opensearch_domain",
      "provider": "provider[\"registry.terraform.io/hashicorp/aws\"]",
      "instances": [
        {
          "schema_version": 0,
          "attributes": {
            "access_policies": "{\"Statement\":[{\"Action\":\"es:*\",\"Effect\":\"Allow\",\"Principal\":\"*\",\"Resource\":\"arn:aws:es:ap-southeast-1:036827819449:domain/logs-opensearch/*\"}],\"Version\":\"2012-10-17\"}",
            "advanced_options": {
              "rest.action.multi.allow_explicit_index": "true"
            },
            "advanced_security_options": [
              {
                "anonymous_auth_enabled": false,
                "enabled": true,
                "internal_user_database_enabled": true,
                "master_user_options": [
                  {
                    "master_user_arn": "",
                    "master_user_name": "opensrchuser",
                    "master_user_password": "Abc1234#"
                  }
                ]
              }
            ],
            "arn": "arn:aws:es:ap-southeast-1:036827819449:domain/logs-opensearch",
            "auto_tune_options": [
              {
                "desired_state": "DISABLED",
                "maintenance_schedule": [],
                "rollback_on_disable": "NO_ROLLBACK"
              }
            ],
            "cluster_config": [
              {
                "cold_storage_options": [
                  {
                    "enabled": false
                  }
                ],
                "dedicated_master_count": 0,
                "dedicated_master_enabled": false,
                "dedicated_master_type": "",
                "instance_count": 1,
                "instance_type": "t3.medium.search",
                "warm_count": 0,
                "warm_enabled": false,
                "warm_type": "",
                "zone_awareness_config": [],
                "zone_awareness_enabled": false
              }
            ],
            "cognito_options": [
              {
                "enabled": false,
                "identity_pool_id": "",
                "role_arn": "",
                "user_pool_id": ""
              }
            ],
            "dashboard_endpoint": "search-logs-opensearch-5fmr4xqfngfr266zvxa3ngmfmu.ap-southeast-1.es.amazonaws.com/_dashboards",
            "domain_endpoint_options": [
              {
                "custom_endpoint": "",
                "custom_endpoint_certificate_arn": "",
                "custom_endpoint_enabled": false,
                "enforce_https": true,
                "tls_security_policy": "Policy-Min-TLS-1-2-2019-07"
              }
            ],
            "domain_id": "036827819449/logs-opensearch",
            "domain_name": "logs-opensearch",
            "ebs_options": [
              {
                "ebs_enabled": true,
                "iops": 3000,
                "throughput": 125,
                "volume_size": 10,
                "volume_type": "gp3"
              }
            ],
            "encrypt_at_rest": [
              {
                "enabled": true,
                "kms_key_id": "arn:aws:kms:ap-southeast-1:036827819449:key/c10159f7-af1c-4307-a863-aee7a6f29981"
              }
            ],
            "endpoint": "search-logs-opensearch-5fmr4xqfngfr266zvxa3ngmfmu.ap-southeast-1.es.amazonaws.com",
            "engine_version": "OpenSearch_2.5",
            "id": "arn:aws:es:ap-southeast-1:036827819449:domain/logs-opensearch",
            "kibana_endpoint": "search-logs-opensearch-5fmr4xqfngfr266zvxa3ngmfmu.ap-southeast-1.es.amazonaws.com/_plugin/kibana/",
            "log_publishing_options": [],
            "node_to_node_encryption": [
              {
                "enabled": true
              }
            ],
            "off_peak_window_options": [
              {
                "enabled": true,
                "off_peak_window": [
                  {
                    "window_start_time": [
                      {
                        "hours": 14,
                        "minutes": 0
                      }
                    ]
                  }
                ]
              }
            ],
            "snapshot_options": [
              {
                "automated_snapshot_start_hour": 0
              }
            ],
            "tags": {
              "Domain": "logs-opensearch"
            },
            "tags_all": {
              "Domain": "logs-opensearch"
            },
            "timeouts": null,
            "vpc_options": []
          },
          "sensitive_attributes": [],
          "private": "eyJlMmJmYjczMC1lY2FhLTExZTYtOGY4OC0zNDM2M2JjN2M0YzAiOnsiY3JlYXRlIjozNjAwMDAwMDAwMDAwLCJkZWxldGUiOjU0MDAwMDAwMDAwMDAsInVwZGF0ZSI6MTA4MDAwMDAwMDAwMDB9fQ==",
          "dependencies": [
            "module.opensearch_module.data.aws_caller_identity.current",
            "module.opensearch_module.data.aws_iam_policy_document.logs_opensearch_policy",
            "module.opensearch_module.data.aws_region.current"
          ]
        }
      ]
    },
    {
      "module": "module.security_module",
      "mode": "data",
      "type": "aws_caller_identity",
      "name": "current",
      "provider": "provider[\"registry.terraform.io/hashicorp/aws\"]",
      "instances": [
        {
          "schema_version": 0,
          "attributes": {
            "account_id": "036827819449",
            "arn": "arn:aws:iam::036827819449:user/xuanthoai",
            "id": "036827819449",
            "user_id": "AIDAQREY35W4USFLS2M5W"
          },
          "sensitive_attributes": []
        }
      ]
    },
    {
      "module": "module.security_module",
      "mode": "data",
      "type": "aws_iam_policy_document",
      "name": "cust_logsinstance_access",
      "provider": "provider[\"registry.terraform.io/hashicorp/aws\"]",
      "instances": [
        {
          "schema_version": 0,
          "attributes": {
            "id": "1819437868",
            "json": "{\n  \"Version\": \"2012-10-17\",\n  \"Statement\": [\n    {\n      \"Effect\": \"Allow\",\n      \"Action\": [\n        \"sns:*\",\n        \"secretsmanager:*\",\n        \"s3:*\",\n        \"logs:*\",\n        \"lambda:*\",\n        \"ec2:*\",\n        \"dynamodb:*\",\n        \"ds:*\",\n        \"cloudwatch:*\"\n      ],\n      \"Resource\": \"*\"\n    }\n  ]\n}",
            "override_policy_documents": null,
            "policy_id": null,
            "source_policy_documents": null,
            "statement": [
              {
                "actions": [
                  "cloudwatch:*",
                  "ds:*",
                  "dynamodb:*",
                  "ec2:*",
                  "lambda:*",
                  "logs:*",
                  "s3:*",
                  "secretsmanager:*",
                  "sns:*"
                ],
                "condition": [],
                "effect": "Allow",
                "not_actions": [],
                "not_principals": [],
                "not_resources": [],
                "principals": [],
                "resources": [
                  "*"
                ],
                "sid": ""
              }
            ],
            "version": "2012-10-17"
          },
          "sensitive_attributes": []
        }
      ]
    },
    {
      "module": "module.security_module",
      "mode": "data",
      "type": "aws_iam_policy_document",
      "name": "cust_logstream_access",
      "provider": "provider[\"registry.terraform.io/hashicorp/aws\"]",
      "instances": [
        {
          "schema_version": 0,
          "attributes": {
            "id": "3287107015",
            "json": "{\n  \"Version\": \"2012-10-17\",\n  \"Statement\": [\n    {\n      \"Effect\": \"Allow\",\n      \"Action\": [\n        \"sns:*\",\n        \"secretsmanager:*\",\n        \"s3:*\",\n        \"logs:*\",\n        \"lambda:*\",\n        \"ec2:*\",\n        \"dynamodb:*\",\n        \"ds:*\",\n        \"cloudwatch:*\"\n      ],\n      \"Resource\": \"*\"\n    },\n    {\n      \"Effect\": \"Allow\",\n      \"Action\": \"es:*\",\n      \"Resource\": \"arn:aws:es:ap-southeast-1:036827819449:domain/logs-opensearch/*\"\n    },\n    {\n      \"Effect\": \"Allow\",\n      \"Action\": \"es:ESHttp*\",\n      \"Resource\": \"arn:aws:es:ap-southeast-1:036827819449:domain/logs-opensearch/*\"\n    },\n    {\n      \"Effect\": \"Allow\",\n      \"Action\": [\n        \"es:ESHttpPut\",\n        \"es:ESHttpPost\"\n      ],\n      \"Resource\": \"arn:aws:es:ap-southeast-1:036827819449:domain/logs-opensearch/*\"\n    },\n    {\n      \"Effect\": \"Allow\",\n      \"Action\": \"es:ESHttpDelete\",\n      \"Resource\": \"arn:aws:es:ap-southeast-1:036827819449:domain/logs-opensearch/*\"\n    }\n  ]\n}",
            "override_policy_documents": null,
            "policy_id": null,
            "source_policy_documents": null,
            "statement": [
              {
                "actions": [
                  "cloudwatch:*",
                  "ds:*",
                  "dynamodb:*",
                  "ec2:*",
                  "lambda:*",
                  "logs:*",
                  "s3:*",
                  "secretsmanager:*",
                  "sns:*"
                ],
                "condition": [],
                "effect": "Allow",
                "not_actions": [],
                "not_principals": [],
                "not_resources": [],
                "principals": [],
                "resources": [
                  "*"
                ],
                "sid": ""
              },
              {
                "actions": [
                  "es:*"
                ],
                "condition": [],
                "effect": "Allow",
                "not_actions": [],
                "not_principals": [],
                "not_resources": [],
                "principals": [],
                "resources": [
                  "arn:aws:es:ap-southeast-1:036827819449:domain/logs-opensearch/*"
                ],
                "sid": ""
              },
              {
                "actions": [
                  "es:ESHttp*"
                ],
                "condition": [],
                "effect": "Allow",
                "not_actions": [],
                "not_principals": [],
                "not_resources": [],
                "principals": [],
                "resources": [
                  "arn:aws:es:ap-southeast-1:036827819449:domain/logs-opensearch/*"
                ],
                "sid": ""
              },
              {
                "actions": [
                  "es:ESHttpPost",
                  "es:ESHttpPut"
                ],
                "condition": [],
                "effect": "Allow",
                "not_actions": [],
                "not_principals": [],
                "not_resources": [],
                "principals": [],
                "resources": [
                  "arn:aws:es:ap-southeast-1:036827819449:domain/logs-opensearch/*"
                ],
                "sid": ""
              },
              {
                "actions": [
                  "es:ESHttpDelete"
                ],
                "condition": [],
                "effect": "Allow",
                "not_actions": [],
                "not_principals": [],
                "not_resources": [],
                "principals": [],
                "resources": [
                  "arn:aws:es:ap-southeast-1:036827819449:domain/logs-opensearch/*"
                ],
                "sid": ""
              }
            ],
            "version": "2012-10-17"
          },
          "sensitive_attributes": []
        }
      ]
    },
    {
      "module": "module.security_module",
      "mode": "data",
      "type": "aws_iam_policy_document",
      "name": "logsinstance-assume-role-policy",
      "provider": "provider[\"registry.terraform.io/hashicorp/aws\"]",
      "instances": [
        {
          "schema_version": 0,
          "attributes": {
            "id": "2851119427",
            "json": "{\n  \"Version\": \"2012-10-17\",\n  \"Statement\": [\n    {\n      \"Effect\": \"Allow\",\n      \"Action\": \"sts:AssumeRole\",\n      \"Principal\": {\n        \"Service\": \"ec2.amazonaws.com\"\n      }\n    }\n  ]\n}",
            "override_policy_documents": null,
            "policy_id": null,
            "source_policy_documents": null,
            "statement": [
              {
                "actions": [
                  "sts:AssumeRole"
                ],
                "condition": [],
                "effect": "Allow",
                "not_actions": [],
                "not_principals": [],
                "not_resources": [],
                "principals": [
                  {
                    "identifiers": [
                      "ec2.amazonaws.com"
                    ],
                    "type": "Service"
                  }
                ],
                "resources": [],
                "sid": ""
              }
            ],
            "version": "2012-10-17"
          },
          "sensitive_attributes": []
        }
      ]
    },
    {
      "module": "module.security_module",
      "mode": "data",
      "type": "aws_iam_policy_document",
      "name": "logstream-assume-role-policy",
      "provider": "provider[\"registry.terraform.io/hashicorp/aws\"]",
      "instances": [
        {
          "schema_version": 0,
          "attributes": {
            "id": "2690255455",
            "json": "{\n  \"Version\": \"2012-10-17\",\n  \"Statement\": [\n    {\n      \"Effect\": \"Allow\",\n      \"Action\": \"sts:AssumeRole\",\n      \"Principal\": {\n        \"Service\": \"lambda.amazonaws.com\"\n      }\n    }\n  ]\n}",
            "override_policy_documents": null,
            "policy_id": null,
            "source_policy_documents": null,
            "statement": [
              {
                "actions": [
                  "sts:AssumeRole"
                ],
                "condition": [],
                "effect": "Allow",
                "not_actions": [],
                "not_principals": [],
                "not_resources": [],
                "principals": [
                  {
                    "identifiers": [
                      "lambda.amazonaws.com"
                    ],
                    "type": "Service"
                  }
                ],
                "resources": [],
                "sid": ""
              }
            ],
            "version": "2012-10-17"
          },
          "sensitive_attributes": []
        }
      ]
    },
    {
      "module": "module.security_module",
      "mode": "data",
      "type": "aws_region",
      "name": "current",
      "provider": "provider[\"registry.terraform.io/hashicorp/aws\"]",
      "instances": [
        {
          "schema_version": 0,
          "attributes": {
            "description": "Asia Pacific (Singapore)",
            "endpoint": "ec2.ap-southeast-1.amazonaws.com",
            "id": "ap-southeast-1",
            "name": "ap-southeast-1"
          },
          "sensitive_attributes": []
        }
      ]
    },
    {
      "module": "module.security_module",
      "mode": "managed",
      "type": "aws_iam_instance_profile",
      "name": "custlogsprofile",
      "provider": "provider[\"registry.terraform.io/hashicorp/aws\"]",
      "instances": [
        {
          "schema_version": 0,
          "attributes": {
            "arn": "arn:aws:iam::036827819449:instance-profile/custlogsprofile",
            "create_date": "2023-08-01T10:59:01Z",
            "id": "custlogsprofile",
            "name": "custlogsprofile",
            "name_prefix": "",
            "path": "/",
            "role": "custlogsrole",
            "tags": {},
            "tags_all": {},
            "unique_id": "AIPAQREY35W4YRNAFDU25"
          },
          "sensitive_attributes": [],
          "private": "bnVsbA==",
          "dependencies": [
            "module.security_module.aws_iam_role.custlogsrole",
            "module.security_module.data.aws_iam_policy_document.cust_logsinstance_access",
            "module.security_module.data.aws_iam_policy_document.logsinstance-assume-role-policy"
          ]
        }
      ]
    },
    {
      "module": "module.security_module",
      "mode": "managed",
      "type": "aws_iam_role",
      "name": "custlogsrole",
      "provider": "provider[\"registry.terraform.io/hashicorp/aws\"]",
      "instances": [
        {
          "schema_version": 0,
          "attributes": {
            "arn": "arn:aws:iam::036827819449:role/custlogsrole",
            "assume_role_policy": "{\"Statement\":[{\"Action\":\"sts:AssumeRole\",\"Effect\":\"Allow\",\"Principal\":{\"Service\":\"ec2.amazonaws.com\"}}],\"Version\":\"2012-10-17\"}",
            "create_date": "2023-08-01T10:58:59Z",
            "description": "",
            "force_detach_policies": false,
            "id": "custlogsrole",
            "inline_policy": [
              {
                "name": "policy-867530231",
                "policy": "{\"Version\":\"2012-10-17\",\"Statement\":[{\"Action\":[\"sns:*\",\"secretsmanager:*\",\"s3:*\",\"logs:*\",\"lambda:*\",\"ec2:*\",\"dynamodb:*\",\"ds:*\",\"cloudwatch:*\"],\"Effect\":\"Allow\",\"Resource\":\"*\"}]}"
              }
            ],
            "managed_policy_arns": [],
            "max_session_duration": 3600,
            "name": "custlogsrole",
            "name_prefix": "",
            "path": "/",
            "permissions_boundary": null,
            "tags": {},
            "tags_all": {},
            "unique_id": "AROAQREY35W4XSG536ULW"
          },
          "sensitive_attributes": [],
          "private": "bnVsbA==",
          "dependencies": [
            "module.security_module.data.aws_iam_policy_document.cust_logsinstance_access",
            "module.security_module.data.aws_iam_policy_document.logsinstance-assume-role-policy"
          ]
        }
      ]
    },
    {
      "module": "module.security_module",
      "mode": "managed",
      "type": "aws_iam_role",
      "name": "custlogstreamrole",
      "provider": "provider[\"registry.terraform.io/hashicorp/aws\"]",
      "instances": [
        {
          "schema_version": 0,
          "attributes": {
            "arn": "arn:aws:iam::036827819449:role/custlogstreamrole",
            "assume_role_policy": "{\"Statement\":[{\"Action\":\"sts:AssumeRole\",\"Effect\":\"Allow\",\"Principal\":{\"Service\":\"lambda.amazonaws.com\"}}],\"Version\":\"2012-10-17\"}",
            "create_date": "2023-08-01T10:58:59Z",
            "description": "",
            "force_detach_policies": false,
            "id": "custlogstreamrole",
            "inline_policy": [
              {
                "name": "policy-867530231",
                "policy": "{\"Version\":\"2012-10-17\",\"Statement\":[{\"Action\":[\"sns:*\",\"secretsmanager:*\",\"s3:*\",\"logs:*\",\"lambda:*\",\"ec2:*\",\"dynamodb:*\",\"ds:*\",\"cloudwatch:*\"],\"Effect\":\"Allow\",\"Resource\":\"*\"},{\"Action\":\"es:*\",\"Effect\":\"Allow\",\"Resource\":\"arn:aws:es:ap-southeast-1:036827819449:domain/logs-opensearch/*\"},{\"Action\":\"es:ESHttp*\",\"Effect\":\"Allow\",\"Resource\":\"arn:aws:es:ap-southeast-1:036827819449:domain/logs-opensearch/*\"},{\"Action\":[\"es:ESHttpPut\",\"es:ESHttpPost\"],\"Effect\":\"Allow\",\"Resource\":\"arn:aws:es:ap-southeast-1:036827819449:domain/logs-opensearch/*\"},{\"Action\":\"es:ESHttpDelete\",\"Effect\":\"Allow\",\"Resource\":\"arn:aws:es:ap-southeast-1:036827819449:domain/logs-opensearch/*\"}]}"
              }
            ],
            "managed_policy_arns": [],
            "max_session_duration": 3600,
            "name": "custlogstreamrole",
            "name_prefix": "",
            "path": "/",
            "permissions_boundary": null,
            "tags": {},
            "tags_all": {},
            "unique_id": "AROAQREY35W4ZSDYN6LZK"
          },
          "sensitive_attributes": [],
          "private": "bnVsbA==",
          "dependencies": [
            "module.security_module.data.aws_caller_identity.current",
            "module.security_module.data.aws_iam_policy_document.cust_logstream_access",
            "module.security_module.data.aws_iam_policy_document.logstream-assume-role-policy",
            "module.security_module.data.aws_region.current"
          ]
        }
      ]
    }
  ],
  "check_results": null
}
